
Microsoft Visual Studio Solution File, Format Version 12.00
# Visual Studio Version 16
VisualStudioVersion = 16.0.30621.155
MinimumVisualStudioVersion = 10.0.40219.1
Project("{8BC9CEB8-8B4A-11D0-8D11-00A0C91BC942}") = "2.5", "2.5\2.5.vcxproj", "{1709963F-87CB-4052-B394-A2787843D429}"
EndProject
Project("{8BC9CEB8-8B4A-11D0-8D11-00A0C91BC942}") = "UnitTest2.5", "UnitTest2.5\UnitTest2.5.vcxproj", "{0F3E91F8-3AE3-4749-9EC8-899465F7AF8D}"
EndProject
Global
	GlobalSection(SolutionConfigurationPlatforms) = preSolution
		Debug|x64 = Debug|x64
		Debug|x86 = Debug|x86
		Release|x64 = Release|x64
		Release|x86 = Release|x86
	EndGlobalSection
	GlobalSection(ProjectConfigurationPlatforms) = postSolution
		{1709963F-87CB-4052-B394-A2787843D429}.Debug|x64.ActiveCfg = Debug|x64
		{1709963F-87CB-4052-B394-A2787843D429}.Debug|x64.Build.0 = Debug|x64
		{1709963F-87CB-4052-B394-A2787843D429}.Debug|x86.ActiveCfg = Debug|Win32
		{1709963F-87CB-4052-B394-A2787843D429}.Debug|x86.Build.0 = Debug|Win32
		{1709963F-87CB-4052-B394-A2787843D429}.Release|x64.ActiveCfg = Release|x64
		{1709963F-87CB-4052-B394-A2787843D429}.Release|x64.Build.0 = Release|x64
		{1709963F-87CB-4052-B394-A2787843D429}.Release|x86.ActiveCfg = Release|Win32
		{1709963F-87CB-4052-B394-A2787843D429}.Release|x86.Build.0 = Release|Win32
		{0F3E91F8-3AE3-4749-9EC8-899465F7AF8D}.Debug|x64.ActiveCfg = Debug|x64
		{0F3E91F8-3AE3-4749-9EC8-899465F7AF8D}.Debug|x64.Build.0 = Debug|x64
		{0F3E91F8-3AE3-4749-9EC8-899465F7AF8D}.Debug|x86.ActiveCfg = Debug|Win32
		{0F3E91F8-3AE3-4749-9EC8-899465F7AF8D}.Debug|x86.Build.0 = Debug|Win32
		{0F3E91F8-3AE3-4749-9EC8-899465F7AF8D}.Release|x64.ActiveCfg = Release|x64
		{0F3E91F8-3AE3-4749-9EC8-899465F7AF8D}.Release|x64.Build.0 = Release|x64
		{0F3E91F8-3AE3-4749-9EC8-899465F7AF8D}.Release|x86.ActiveCfg = Release|Win32
		{0F3E91F8-3AE3-4749-9EC8-899465F7AF8D}.Release|x86.Build.0 = Release|Win32
	EndGlobalSection
	GlobalSection(SolutionProperties) = preSolution
		HideSolutionNode = FALSE
	EndGlobalSection
	GlobalSection(ExtensibilityGlobals) = postSolution
		SolutionGuid = {61245ED4-354D-4878-95AA-D00E56FD0D4B}
	EndGlobalSection
EndGlobal
